
Microsoft Visual Studio Solution File, Format Version 12.00
# Visual Studio Version 16
VisualStudioVersion = 16.0.29123.88
MinimumVisualStudioVersion = 10.0.40219.1
Project("{FAE04EC0-301F-11D3-BF4B-00C04F79EFBC}") = "WpfApp22", "WpfApp22\WpfApp22.csproj", "{A3D2161D-BB85-45B5-A4B2-585163B236F7}"
EndProject
Global
	GlobalSection(SolutionConfigurationPlatforms) = preSolution
		Debug|Any CPU = Debug|Any CPU
		Release|Any CPU = Release|Any CPU
	EndGlobalSection
	GlobalSection(ProjectConfigurationPlatforms) = postSolution
		{A3D2161D-BB85-45B5-A4B2-585163B236F7}.Debug|Any CPU.ActiveCfg = Debug|Any CPU
		{A3D2161D-BB85-45B5-A4B2-585163B236F7}.Debug|Any CPU.Build.0 = Debug|Any CPU
		{A3D2161D-BB85-45B5-A4B2-585163B236F7}.Release|Any CPU.ActiveCfg = Release|Any CPU
		{A3D2161D-BB85-45B5-A4B2-585163B236F7}.Release|Any CPU.Build.0 = Release|Any CPU
	EndGlobalSection
	GlobalSection(SolutionProperties) = preSolution
		HideSolutionNode = FALSE
	EndGlobalSection
	GlobalSection(ExtensibilityGlobals) = postSolution
		SolutionGuid = {8DAD6683-95AD-44B1-B1EC-7D5764C43723}
	EndGlobalSection
EndGlobal
